
Microsoft Visual Studio Solution File, Format Version 12.00
# Visual Studio Version 16
VisualStudioVersion = 16.0.29806.167
MinimumVisualStudioVersion = 10.0.40219.1
Project("{8BC9CEB8-8B4A-11D0-8D11-00A0C91BC942}") = "Task1", "Task1\Task1.vcxproj", "{4864DD84-FA78-4704-AECC-667C91295021}"
EndProject
Project("{2150E333-8FDC-42A3-9474-1A3956D46DE8}") = "Solution Items", "Solution Items", "{A81A766D-7A5C-4885-9598-C688257A2AB7}"
	ProjectSection(SolutionItems) = preProject
		INFO.txt = INFO.txt
	EndProjectSection
EndProject
Project("{8BC9CEB8-8B4A-11D0-8D11-00A0C91BC942}") = "Task2", "Task2\Task2.vcxproj", "{AF159455-4FD9-4839-B3F8-46BE288DE761}"
EndProject
Project("{8BC9CEB8-8B4A-11D0-8D11-00A0C91BC942}") = "Task3", "Task3\Task3.vcxproj", "{D41E2F6B-D4CD-43FC-BBDE-258AAA2E1F2C}"
EndProject
Project("{8BC9CEB8-8B4A-11D0-8D11-00A0C91BC942}") = "Task4", "Task4\Task4.vcxproj", "{CC3EB83D-2890-4D34-8CED-1E8FFA28677A}"
EndProject
Project("{8BC9CEB8-8B4A-11D0-8D11-00A0C91BC942}") = "Task5", "Task5\Task5.vcxproj", "{5C23398B-370F-4177-8613-A047EEE354AB}"
EndProject
Project("{8BC9CEB8-8B4A-11D0-8D11-00A0C91BC942}") = "Task6", "Task6\Task6.vcxproj", "{5E029E24-672C-41B8-B4AC-CC2B230D9031}"
EndProject
Project("{8BC9CEB8-8B4A-11D0-8D11-00A0C91BC942}") = "Task7", "Task7\Task7.vcxproj", "{B019D720-868B-4916-9AA0-1B80629460D3}"
EndProject
Project("{8BC9CEB8-8B4A-11D0-8D11-00A0C91BC942}") = "Task8", "Task8\Task8.vcxproj", "{3B1143ED-E5BC-4572-AFE2-A161AA1220E6}"
EndProject
Project("{8BC9CEB8-8B4A-11D0-8D11-00A0C91BC942}") = "Task9", "Task9\Task9.vcxproj", "{EC9E3500-E279-46D4-B5BC-365CFA024363}"
EndProject
Project("{8BC9CEB8-8B4A-11D0-8D11-00A0C91BC942}") = "zTask10", "zTask10\zTask10.vcxproj", "{F50F1802-E1FE-47E8-A49E-AA6568C193B0}"
EndProject
Global
	GlobalSection(SolutionConfigurationPlatforms) = preSolution
		Debug|x64 = Debug|x64
		Debug|x86 = Debug|x86
		Release|x64 = Release|x64
		Release|x86 = Release|x86
	EndGlobalSection
	GlobalSection(ProjectConfigurationPlatforms) = postSolution
		{4864DD84-FA78-4704-AECC-667C91295021}.Debug|x64.ActiveCfg = Debug|x64
		{4864DD84-FA78-4704-AECC-667C91295021}.Debug|x64.Build.0 = Debug|x64
		{4864DD84-FA78-4704-AECC-667C91295021}.Debug|x86.ActiveCfg = Debug|Win32
		{4864DD84-FA78-4704-AECC-667C91295021}.Debug|x86.Build.0 = Debug|Win32
		{4864DD84-FA78-4704-AECC-667C91295021}.Release|x64.ActiveCfg = Release|x64
		{4864DD84-FA78-4704-AECC-667C91295021}.Release|x64.Build.0 = Release|x64
		{4864DD84-FA78-4704-AECC-667C91295021}.Release|x86.ActiveCfg = Release|Win32
		{4864DD84-FA78-4704-AECC-667C91295021}.Release|x86.Build.0 = Release|Win32
		{AF159455-4FD9-4839-B3F8-46BE288DE761}.Debug|x64.ActiveCfg = Debug|x64
		{AF159455-4FD9-4839-B3F8-46BE288DE761}.Debug|x64.Build.0 = Debug|x64
		{AF159455-4FD9-4839-B3F8-46BE288DE761}.Debug|x86.ActiveCfg = Debug|Win32
		{AF159455-4FD9-4839-B3F8-46BE288DE761}.Debug|x86.Build.0 = Debug|Win32
		{AF159455-4FD9-4839-B3F8-46BE288DE761}.Release|x64.ActiveCfg = Release|x64
		{AF159455-4FD9-4839-B3F8-46BE288DE761}.Release|x64.Build.0 = Release|x64
		{AF159455-4FD9-4839-B3F8-46BE288DE761}.Release|x86.ActiveCfg = Release|Win32
		{AF159455-4FD9-4839-B3F8-46BE288DE761}.Release|x86.Build.0 = Release|Win32
		{D41E2F6B-D4CD-43FC-BBDE-258AAA2E1F2C}.Debug|x64.ActiveCfg = Debug|x64
		{D41E2F6B-D4CD-43FC-BBDE-258AAA2E1F2C}.Debug|x64.Build.0 = Debug|x64
		{D41E2F6B-D4CD-43FC-BBDE-258AAA2E1F2C}.Debug|x86.ActiveCfg = Debug|Win32
		{D41E2F6B-D4CD-43FC-BBDE-258AAA2E1F2C}.Debug|x86.Build.0 = Debug|Win32
		{D41E2F6B-D4CD-43FC-BBDE-258AAA2E1F2C}.Release|x64.ActiveCfg = Release|x64
		{D41E2F6B-D4CD-43FC-BBDE-258AAA2E1F2C}.Release|x64.Build.0 = Release|x64
		{D41E2F6B-D4CD-43FC-BBDE-258AAA2E1F2C}.Release|x86.ActiveCfg = Release|Win32
		{D41E2F6B-D4CD-43FC-BBDE-258AAA2E1F2C}.Release|x86.Build.0 = Release|Win32
		{CC3EB83D-2890-4D34-8CED-1E8FFA28677A}.Debug|x64.ActiveCfg = Debug|x64
		{CC3EB83D-2890-4D34-8CED-1E8FFA28677A}.Debug|x64.Build.0 = Debug|x64
		{CC3EB83D-2890-4D34-8CED-1E8FFA28677A}.Debug|x86.ActiveCfg = Debug|Win32
		{CC3EB83D-2890-4D34-8CED-1E8FFA28677A}.Debug|x86.Build.0 = Debug|Win32
		{CC3EB83D-2890-4D34-8CED-1E8FFA28677A}.Release|x64.ActiveCfg = Release|x64
		{CC3EB83D-2890-4D34-8CED-1E8FFA28677A}.Release|x64.Build.0 = Release|x64
		{CC3EB83D-2890-4D34-8CED-1E8FFA28677A}.Release|x86.ActiveCfg = Release|Win32
		{CC3EB83D-2890-4D34-8CED-1E8FFA28677A}.Release|x86.Build.0 = Release|Win32
		{5C23398B-370F-4177-8613-A047EEE354AB}.Debug|x64.ActiveCfg = Debug|x64
		{5C23398B-370F-4177-8613-A047EEE354AB}.Debug|x64.Build.0 = Debug|x64
		{5C23398B-370F-4177-8613-A047EEE354AB}.Debug|x86.ActiveCfg = Debug|Win32
		{5C23398B-370F-4177-8613-A047EEE354AB}.Debug|x86.Build.0 = Debug|Win32
		{5C23398B-370F-4177-8613-A047EEE354AB}.Release|x64.ActiveCfg = Release|x64
		{5C23398B-370F-4177-8613-A047EEE354AB}.Release|x64.Build.0 = Release|x64
		{5C23398B-370F-4177-8613-A047EEE354AB}.Release|x86.ActiveCfg = Release|Win32
		{5C23398B-370F-4177-8613-A047EEE354AB}.Release|x86.Build.0 = Release|Win32
		{5E029E24-672C-41B8-B4AC-CC2B230D9031}.Debug|x64.ActiveCfg = Debug|x64
		{5E029E24-672C-41B8-B4AC-CC2B230D9031}.Debug|x64.Build.0 = Debug|x64
		{5E029E24-672C-41B8-B4AC-CC2B230D9031}.Debug|x86.ActiveCfg = Debug|Win32
		{5E029E24-672C-41B8-B4AC-CC2B230D9031}.Debug|x86.Build.0 = Debug|Win32
		{5E029E24-672C-41B8-B4AC-CC2B230D9031}.Release|x64.ActiveCfg = Release|x64
		{5E029E24-672C-41B8-B4AC-CC2B230D9031}.Release|x64.Build.0 = Release|x64
		{5E029E24-672C-41B8-B4AC-CC2B230D9031}.Release|x86.ActiveCfg = Release|Win32
		{5E029E24-672C-41B8-B4AC-CC2B230D9031}.Release|x86.Build.0 = Release|Win32
		{B019D720-868B-4916-9AA0-1B80629460D3}.Debug|x64.ActiveCfg = Debug|x64
		{B019D720-868B-4916-9AA0-1B80629460D3}.Debug|x64.Build.0 = Debug|x64
		{B019D720-868B-4916-9AA0-1B80629460D3}.Debug|x86.ActiveCfg = Debug|Win32
		{B019D720-868B-4916-9AA0-1B80629460D3}.Debug|x86.Build.0 = Debug|Win32
		{B019D720-868B-4916-9AA0-1B80629460D3}.Release|x64.ActiveCfg = Release|x64
		{B019D720-868B-4916-9AA0-1B80629460D3}.Release|x64.Build.0 = Release|x64
		{B019D720-868B-4916-9AA0-1B80629460D3}.Release|x86.ActiveCfg = Release|Win32
		{B019D720-868B-4916-9AA0-1B80629460D3}.Release|x86.Build.0 = Release|Win32
		{3B1143ED-E5BC-4572-AFE2-A161AA1220E6}.Debug|x64.ActiveCfg = Debug|x64
		{3B1143ED-E5BC-4572-AFE2-A161AA1220E6}.Debug|x64.Build.0 = Debug|x64
		{3B1143ED-E5BC-4572-AFE2-A161AA1220E6}.Debug|x86.ActiveCfg = Debug|Win32
		{3B1143ED-E5BC-4572-AFE2-A161AA1220E6}.Debug|x86.Build.0 = Debug|Win32
		{3B1143ED-E5BC-4572-AFE2-A161AA1220E6}.Release|x64.ActiveCfg = Release|x64
		{3B1143ED-E5BC-4572-AFE2-A161AA1220E6}.Release|x64.Build.0 = Release|x64
		{3B1143ED-E5BC-4572-AFE2-A161AA1220E6}.Release|x86.ActiveCfg = Release|Win32
		{3B1143ED-E5BC-4572-AFE2-A161AA1220E6}.Release|x86.Build.0 = Release|Win32
		{EC9E3500-E279-46D4-B5BC-365CFA024363}.Debug|x64.ActiveCfg = Debug|x64
		{EC9E3500-E279-46D4-B5BC-365CFA024363}.Debug|x64.Build.0 = Debug|x64
		{EC9E3500-E279-46D4-B5BC-365CFA024363}.Debug|x86.ActiveCfg = Debug|Win32
		{EC9E3500-E279-46D4-B5BC-365CFA024363}.Debug|x86.Build.0 = Debug|Win32
		{EC9E3500-E279-46D4-B5BC-365CFA024363}.Release|x64.ActiveCfg = Release|x64
		{EC9E3500-E279-46D4-B5BC-365CFA024363}.Release|x64.Build.0 = Release|x64
		{EC9E3500-E279-46D4-B5BC-365CFA024363}.Release|x86.ActiveCfg = Release|Win32
		{EC9E3500-E279-46D4-B5BC-365CFA024363}.Release|x86.Build.0 = Release|Win32
		{F50F1802-E1FE-47E8-A49E-AA6568C193B0}.Debug|x64.ActiveCfg = Debug|x64
		{F50F1802-E1FE-47E8-A49E-AA6568C193B0}.Debug|x64.Build.0 = Debug|x64
		{F50F1802-E1FE-47E8-A49E-AA6568C193B0}.Debug|x86.ActiveCfg = Debug|Win32
		{F50F1802-E1FE-47E8-A49E-AA6568C193B0}.Debug|x86.Build.0 = Debug|Win32
		{F50F1802-E1FE-47E8-A49E-AA6568C193B0}.Release|x64.ActiveCfg = Release|x64
		{F50F1802-E1FE-47E8-A49E-AA6568C193B0}.Release|x64.Build.0 = Release|x64
		{F50F1802-E1FE-47E8-A49E-AA6568C193B0}.Release|x86.ActiveCfg = Release|Win32
		{F50F1802-E1FE-47E8-A49E-AA6568C193B0}.Release|x86.Build.0 = Release|Win32
	EndGlobalSection
	GlobalSection(SolutionProperties) = preSolution
		HideSolutionNode = FALSE
	EndGlobalSection
	GlobalSection(ExtensibilityGlobals) = postSolution
		SolutionGuid = {0F879B06-53BF-48F2-A525-31324D9875DD}
	EndGlobalSection
EndGlobal
